{
  "version": 4,
  "terraform_version": "1.5.7",
  "serial": 15,
  "lineage": "b5545fca-1dac-a8b8-7962-88ea3f92709e",
  "outputs": {},
  "resources": [
    {
      "mode": "managed",
      "type": "azurerm_linux_virtual_machine",
      "name": "resume_vm",
      "provider": "provider[\"registry.terraform.io/hashicorp/azurerm\"]",
      "instances": [
        {
          "status": "tainted",
          "schema_version": 0,
          "attributes": {
            "additional_capabilities": [],
            "admin_password": null,
            "admin_ssh_key": [
              {
                "public_key": "ssh-rsa AAAAB3NzaC1yc2EAAAADAQABAAACAQDUEYm4SbJMnrVdsQXg8Eqk31rpFv2wHHQm7vaVhGXsXPF3WzmnSx8pxDbYMreE5y6eS19yxlS5jrgcWR9TWTJ501fCc9FljytPrqgg/Oovn9q2b6jpvJnnEub0uYSBaCMfXbXzvAgabnegKazZ46A0XRK/9BWhXxgnS8iC5lBtD7y42bNQhBkdpvBRcPJJ/A6gw2RSs5TmfhSQsXyQ8sipz8rgyHammyuRRY+mcA9fSMjbhi1/gukvPKGjyZvr1iWl8iEsgJrVi3SV7CkaG2SX34TI2S8Md+KooH8mvbQJNqr4FC2jq7GRzsaKqRL+xkrppO7uF1//AOEJzqvCqVZizEt09Ju1rU/QI/PqFh6FfS6aDlqpP13DDl+mf27wzSW7N127AhqrCqGLkQkjDQbQLxTsu4AXaosqu3mGMVfkqr0x4GyNaQEs+O3+4coUDDZIJvti6EEQoAMDIp0oSUcRkniyKlShw8jQzToG66qb4cZLDTnUPFLkPwZNww9u1l5jk0eU5e84FViQKDKi1SfFTHCJ0Ziu7Qn+i0AOhMlCX0DIImadBKeYiCiN9InDHbczI7ecz43QrUVx75u4XRm2Fdo7deMjZwoOPr8yak23IYHxFiNcnJBta56L266oMLIRU2+c6zUgFwme4AMIrJVNG80Txv3FZ2GmosrCmJ3s0w== david@loq-lenovo\n",
                "username": "adminuser"
              }
            ],
            "admin_username": "adminuser",
            "allow_extension_operations": true,
            "availability_set_id": "",
            "boot_diagnostics": [],
            "bypass_platform_safety_checks_on_user_schedule_enabled": false,
            "capacity_reservation_group_id": "",
            "computer_name": "resumeVM",
            "custom_data": null,
            "dedicated_host_group_id": "",
            "dedicated_host_id": "",
            "disable_password_authentication": true,
            "edge_zone": "",
            "encryption_at_host_enabled": false,
            "eviction_policy": "",
            "extensions_time_budget": "PT1H30M",
            "gallery_application": [],
            "id": "/subscriptions/058f73e7-8224-40ef-9046-b816f83f5e8c/resourceGroups/CloudResumeGroup/providers/Microsoft.Compute/virtualMachines/resumeVM",
            "identity": [],
            "license_type": "",
            "location": "eastus",
            "max_bid_price": -1,
            "name": "resumeVM",
            "network_interface_ids": [
              "/subscriptions/058f73e7-8224-40ef-9046-b816f83f5e8c/resourceGroups/CloudResumeGroup/providers/Microsoft.Network/networkInterfaces/resumeNIC"
            ],
            "os_disk": [
              {
                "caching": "ReadWrite",
                "diff_disk_settings": [],
                "disk_encryption_set_id": "",
                "disk_size_gb": 30,
                "name": "resumeVM_OsDisk_1_cc0c767d3ae54f89ad32ccb023770b89",
                "secure_vm_disk_encryption_set_id": "",
                "security_encryption_type": "",
                "storage_account_type": "Standard_LRS",
                "write_accelerator_enabled": false
              }
            ],
            "patch_assessment_mode": "ImageDefault",
            "patch_mode": "ImageDefault",
            "plan": [],
            "platform_fault_domain": -1,
            "priority": "Regular",
            "private_ip_address": "10.0.1.4",
            "private_ip_addresses": [
              "10.0.1.4"
            ],
            "provision_vm_agent": true,
            "proximity_placement_group_id": "",
            "public_ip_address": "",
            "public_ip_addresses": [],
            "reboot_setting": "",
            "resource_group_name": "CloudResumeGroup",
            "secret": [],
            "secure_boot_enabled": false,
            "size": "Standard_B1s",
            "source_image_id": "",
            "source_image_reference": [
              {
                "offer": "UbuntuServer",
                "publisher": "Canonical",
                "sku": "18.04-LTS",
                "version": "latest"
              }
            ],
            "tags": null,
            "termination_notification": null,
            "timeouts": null,
            "user_data": "",
            "virtual_machine_id": "03b67039-9c54-4cd3-9cb1-e286c4058724",
            "virtual_machine_scale_set_id": "",
            "vtpm_enabled": false,
            "zone": ""
          },
          "sensitive_attributes": [],
          "private": "eyJlMmJmYjczMC1lY2FhLTExZTYtOGY4OC0zNDM2M2JjN2M0YzAiOnsiY3JlYXRlIjoyNzAwMDAwMDAwMDAwLCJkZWxldGUiOjI3MDAwMDAwMDAwMDAsInJlYWQiOjMwMDAwMDAwMDAwMCwidXBkYXRlIjoyNzAwMDAwMDAwMDAwfX0=",
          "dependencies": [
            "azurerm_network_interface.resume_nic",
            "azurerm_resource_group.resume_resource_group"
          ]
        }
      ]
    },
    {
      "mode": "managed",
      "type": "azurerm_network_interface",
      "name": "resume_nic",
      "provider": "provider[\"registry.terraform.io/hashicorp/azurerm\"]",
      "instances": [
        {
          "schema_version": 0,
          "attributes": {
            "applied_dns_servers": [],
            "auxiliary_mode": "",
            "auxiliary_sku": "",
            "dns_servers": [],
            "edge_zone": "",
            "enable_accelerated_networking": false,
            "enable_ip_forwarding": false,
            "id": "/subscriptions/058f73e7-8224-40ef-9046-b816f83f5e8c/resourceGroups/CloudResumeGroup/providers/Microsoft.Network/networkInterfaces/resumeNIC",
            "internal_dns_name_label": "",
            "internal_domain_name_suffix": "ijezutkhnwfufmpgxmbpjd0osc.bx.internal.cloudapp.net",
            "ip_configuration": [
              {
                "gateway_load_balancer_frontend_ip_configuration_id": "",
                "name": "resumeIPConfig",
                "primary": true,
                "private_ip_address": "10.0.1.4",
                "private_ip_address_allocation": "Dynamic",
                "private_ip_address_version": "IPv4",
                "public_ip_address_id": "",
                "subnet_id": "/subscriptions/058f73e7-8224-40ef-9046-b816f83f5e8c/resourceGroups/CloudResumeGroup/providers/Microsoft.Network/virtualNetworks/resumeVnet/subnets/resumeSubnet"
              }
            ],
            "location": "eastus",
            "mac_address": "00-0D-3A-8F-52-00",
            "name": "resumeNIC",
            "private_ip_address": "10.0.1.4",
            "private_ip_addresses": [
              "10.0.1.4"
            ],
            "resource_group_name": "CloudResumeGroup",
            "tags": {},
            "timeouts": null,
            "virtual_machine_id": "/subscriptions/058f73e7-8224-40ef-9046-b816f83f5e8c/resourceGroups/CloudResumeGroup/providers/Microsoft.Compute/virtualMachines/resumeVM"
          },
          "sensitive_attributes": [],
          "private": "eyJlMmJmYjczMC1lY2FhLTExZTYtOGY4OC0zNDM2M2JjN2M0YzAiOnsiY3JlYXRlIjoxODAwMDAwMDAwMDAwLCJkZWxldGUiOjE4MDAwMDAwMDAwMDAsInJlYWQiOjMwMDAwMDAwMDAwMCwidXBkYXRlIjoxODAwMDAwMDAwMDAwfX0=",
          "dependencies": [
            "azurerm_resource_group.resume_resource_group",
            "azurerm_subnet.resume_subnet",
            "azurerm_virtual_network.resume_vnet"
          ]
        }
      ]
    },
    {
      "mode": "managed",
      "type": "azurerm_resource_group",
      "name": "resume_resource_group",
      "provider": "provider[\"registry.terraform.io/hashicorp/azurerm\"]",
      "instances": [
        {
          "schema_version": 0,
          "attributes": {
            "id": "/subscriptions/058f73e7-8224-40ef-9046-b816f83f5e8c/resourceGroups/CloudResumeGroup",
            "location": "eastus",
            "managed_by": "",
            "name": "CloudResumeGroup",
            "tags": {},
            "timeouts": null
          },
          "sensitive_attributes": [],
          "private": "eyJlMmJmYjczMC1lY2FhLTExZTYtOGY4OC0zNDM2M2JjN2M0YzAiOnsiY3JlYXRlIjo1NDAwMDAwMDAwMDAwLCJkZWxldGUiOjU0MDAwMDAwMDAwMDAsInJlYWQiOjMwMDAwMDAwMDAwMCwidXBkYXRlIjo1NDAwMDAwMDAwMDAwfSwic2NoZW1hX3ZlcnNpb24iOiIwIn0="
        }
      ]
    },
    {
      "mode": "managed",
      "type": "azurerm_storage_account",
      "name": "resume_storage_account",
      "provider": "provider[\"registry.terraform.io/hashicorp/azurerm\"]",
      "instances": [
        {
          "schema_version": 4,
          "attributes": {
            "access_tier": "Hot",
            "account_kind": "StorageV2",
            "account_replication_type": "LRS",
            "account_tier": "Standard",
            "allow_nested_items_to_be_public": true,
            "allowed_copy_scope": "",
            "azure_files_authentication": [],
            "blob_properties": [
              {
                "change_feed_enabled": false,
                "change_feed_retention_in_days": 0,
                "container_delete_retention_policy": [],
                "cors_rule": [],
                "default_service_version": "",
                "delete_retention_policy": [],
                "last_access_time_enabled": false,
                "restore_policy": [],
                "versioning_enabled": false
              }
            ],
            "cross_tenant_replication_enabled": true,
            "custom_domain": [],
            "customer_managed_key": [],
            "default_to_oauth_authentication": false,
            "edge_zone": "",
            "enable_https_traffic_only": true,
            "id": "/subscriptions/058f73e7-8224-40ef-9046-b816f83f5e8c/resourceGroups/CloudResumeGroup/providers/Microsoft.Storage/storageAccounts/resumestorageghostnetic",
            "identity": [],
            "immutability_policy": [],
            "infrastructure_encryption_enabled": false,
            "is_hns_enabled": false,
            "large_file_share_enabled": null,
            "location": "eastus",
            "min_tls_version": "TLS1_2",
            "name": "resumestorageghostnetic",
            "network_rules": [
              {
                "bypass": [
                  "AzureServices"
                ],
                "default_action": "Allow",
                "ip_rules": [],
                "private_link_access": [],
                "virtual_network_subnet_ids": []
              }
            ],
            "nfsv3_enabled": false,
            "primary_access_key": "sz3oKJZj3FP/xufkomffnA4+S8jCfOzelfU+UIADuUVy0+fu6l4UyFvPYwlN0XlsSdkYKRHuNjJO+ASt/BoRQg==",
            "primary_blob_connection_string": "DefaultEndpointsProtocol=https;BlobEndpoint=https://resumestorageghostnetic.blob.core.windows.net/;AccountName=resumestorageghostnetic;AccountKey=sz3oKJZj3FP/xufkomffnA4+S8jCfOzelfU+UIADuUVy0+fu6l4UyFvPYwlN0XlsSdkYKRHuNjJO+ASt/BoRQg==",
            "primary_blob_endpoint": "https://resumestorageghostnetic.blob.core.windows.net/",
            "primary_blob_host": "resumestorageghostnetic.blob.core.windows.net",
            "primary_connection_string": "DefaultEndpointsProtocol=https;AccountName=resumestorageghostnetic;AccountKey=sz3oKJZj3FP/xufkomffnA4+S8jCfOzelfU+UIADuUVy0+fu6l4UyFvPYwlN0XlsSdkYKRHuNjJO+ASt/BoRQg==;EndpointSuffix=core.windows.net",
            "primary_dfs_endpoint": "https://resumestorageghostnetic.dfs.core.windows.net/",
            "primary_dfs_host": "resumestorageghostnetic.dfs.core.windows.net",
            "primary_file_endpoint": "https://resumestorageghostnetic.file.core.windows.net/",
            "primary_file_host": "resumestorageghostnetic.file.core.windows.net",
            "primary_location": "eastus",
            "primary_queue_endpoint": "https://resumestorageghostnetic.queue.core.windows.net/",
            "primary_queue_host": "resumestorageghostnetic.queue.core.windows.net",
            "primary_table_endpoint": "https://resumestorageghostnetic.table.core.windows.net/",
            "primary_table_host": "resumestorageghostnetic.table.core.windows.net",
            "primary_web_endpoint": "https://resumestorageghostnetic.z13.web.core.windows.net/",
            "primary_web_host": "resumestorageghostnetic.z13.web.core.windows.net",
            "public_network_access_enabled": true,
            "queue_encryption_key_type": "Service",
            "queue_properties": [
              {
                "cors_rule": [],
                "hour_metrics": [
                  {
                    "enabled": true,
                    "include_apis": true,
                    "retention_policy_days": 7,
                    "version": "1.0"
                  }
                ],
                "logging": [
                  {
                    "delete": false,
                    "read": false,
                    "retention_policy_days": 0,
                    "version": "1.0",
                    "write": false
                  }
                ],
                "minute_metrics": [
                  {
                    "enabled": false,
                    "include_apis": false,
                    "retention_policy_days": 0,
                    "version": "1.0"
                  }
                ]
              }
            ],
            "resource_group_name": "CloudResumeGroup",
            "routing": [],
            "sas_policy": [],
            "secondary_access_key": "7ARNULse90LzxV9qj33mNwyaIZkXsWTIf/9IyQGaZnkvxMyTCrUcx3ZCJkx6dmUuQM60Gtbml1Yz+ASt6cAD6g==",
            "secondary_blob_connection_string": "",
            "secondary_blob_endpoint": null,
            "secondary_blob_host": null,
            "secondary_connection_string": "DefaultEndpointsProtocol=https;AccountName=resumestorageghostnetic;AccountKey=7ARNULse90LzxV9qj33mNwyaIZkXsWTIf/9IyQGaZnkvxMyTCrUcx3ZCJkx6dmUuQM60Gtbml1Yz+ASt6cAD6g==;EndpointSuffix=core.windows.net",
            "secondary_dfs_endpoint": null,
            "secondary_dfs_host": null,
            "secondary_file_endpoint": null,
            "secondary_file_host": null,
            "secondary_location": "",
            "secondary_queue_endpoint": null,
            "secondary_queue_host": null,
            "secondary_table_endpoint": null,
            "secondary_table_host": null,
            "secondary_web_endpoint": null,
            "secondary_web_host": null,
            "sftp_enabled": false,
            "share_properties": [
              {
                "cors_rule": [],
                "retention_policy": [
                  {
                    "days": 7
                  }
                ],
                "smb": []
              }
            ],
            "shared_access_key_enabled": true,
            "static_website": [
              {
                "error_404_document": "",
                "index_document": "index.html"
              }
            ],
            "table_encryption_key_type": "Service",
            "tags": {},
            "timeouts": null
          },
          "sensitive_attributes": [],
          "private": "eyJlMmJmYjczMC1lY2FhLTExZTYtOGY4OC0zNDM2M2JjN2M0YzAiOnsiY3JlYXRlIjozNjAwMDAwMDAwMDAwLCJkZWxldGUiOjM2MDAwMDAwMDAwMDAsInJlYWQiOjMwMDAwMDAwMDAwMCwidXBkYXRlIjozNjAwMDAwMDAwMDAwfSwic2NoZW1hX3ZlcnNpb24iOiI0In0=",
          "dependencies": [
            "azurerm_resource_group.resume_resource_group"
          ]
        }
      ]
    },
    {
      "mode": "managed",
      "type": "azurerm_subnet",
      "name": "resume_subnet",
      "provider": "provider[\"registry.terraform.io/hashicorp/azurerm\"]",
      "instances": [
        {
          "schema_version": 0,
          "attributes": {
            "address_prefixes": [
              "10.0.1.0/24"
            ],
            "delegation": [],
            "enforce_private_link_endpoint_network_policies": false,
            "enforce_private_link_service_network_policies": false,
            "id": "/subscriptions/058f73e7-8224-40ef-9046-b816f83f5e8c/resourceGroups/CloudResumeGroup/providers/Microsoft.Network/virtualNetworks/resumeVnet/subnets/resumeSubnet",
            "name": "resumeSubnet",
            "private_endpoint_network_policies_enabled": true,
            "private_link_service_network_policies_enabled": true,
            "resource_group_name": "CloudResumeGroup",
            "service_endpoint_policy_ids": [],
            "service_endpoints": [],
            "timeouts": null,
            "virtual_network_name": "resumeVnet"
          },
          "sensitive_attributes": [],
          "private": "eyJlMmJmYjczMC1lY2FhLTExZTYtOGY4OC0zNDM2M2JjN2M0YzAiOnsiY3JlYXRlIjoxODAwMDAwMDAwMDAwLCJkZWxldGUiOjE4MDAwMDAwMDAwMDAsInJlYWQiOjMwMDAwMDAwMDAwMCwidXBkYXRlIjoxODAwMDAwMDAwMDAwfX0=",
          "dependencies": [
            "azurerm_resource_group.resume_resource_group",
            "azurerm_virtual_network.resume_vnet"
          ]
        }
      ]
    },
    {
      "mode": "managed",
      "type": "azurerm_virtual_network",
      "name": "resume_vnet",
      "provider": "provider[\"registry.terraform.io/hashicorp/azurerm\"]",
      "instances": [
        {
          "schema_version": 0,
          "attributes": {
            "address_space": [
              "10.0.0.0/16"
            ],
            "bgp_community": "",
            "ddos_protection_plan": [],
            "dns_servers": [],
            "edge_zone": "",
            "encryption": [],
            "flow_timeout_in_minutes": 0,
            "guid": "4d9a4942-6d47-428b-b1e6-bb02f48f4e92",
            "id": "/subscriptions/058f73e7-8224-40ef-9046-b816f83f5e8c/resourceGroups/CloudResumeGroup/providers/Microsoft.Network/virtualNetworks/resumeVnet",
            "location": "eastus",
            "name": "resumeVnet",
            "resource_group_name": "CloudResumeGroup",
            "subnet": [
              {
                "address_prefix": "10.0.1.0/24",
                "id": "/subscriptions/058f73e7-8224-40ef-9046-b816f83f5e8c/resourceGroups/CloudResumeGroup/providers/Microsoft.Network/virtualNetworks/resumeVnet/subnets/resumeSubnet",
                "name": "resumeSubnet",
                "security_group": ""
              }
            ],
            "tags": {},
            "timeouts": null
          },
          "sensitive_attributes": [],
          "private": "eyJlMmJmYjczMC1lY2FhLTExZTYtOGY4OC0zNDM2M2JjN2M0YzAiOnsiY3JlYXRlIjoxODAwMDAwMDAwMDAwLCJkZWxldGUiOjE4MDAwMDAwMDAwMDAsInJlYWQiOjMwMDAwMDAwMDAwMCwidXBkYXRlIjoxODAwMDAwMDAwMDAwfX0=",
          "dependencies": [
            "azurerm_resource_group.resume_resource_group"
          ]
        }
      ]
    }
  ],
  "check_results": null
}
